
Microsoft Visual Studio Solution File, Format Version 12.00
# Visual Studio Version 17
VisualStudioVersion = 17.7.34202.233
MinimumVisualStudioVersion = 10.0.40219.1
Project("{9A19103F-16F7-4668-BE54-9A1E7A4F7556}") = "AquariumWatch.Api", "AquariumWatch.Api\AquariumWatch.Api.csproj", "{B0FAB5B2-F2B7-4634-854A-57F8B082D5E5}"
EndProject
Project("{9A19103F-16F7-4668-BE54-9A1E7A4F7556}") = "AquariumWatch.Data", "AquariumWatch.Data\AquariumWatch.Data.csproj", "{6F222091-E038-4B5E-8238-D01518E309FD}"
EndProject
Project("{9A19103F-16F7-4668-BE54-9A1E7A4F7556}") = "AquariumWatch.Domain", "AquariumWatch.Domain\AquariumWatch.Domain.csproj", "{A3027489-4E21-4DF7-BA5C-161179BDC03B}"
EndProject
Global
	GlobalSection(SolutionConfigurationPlatforms) = preSolution
		Debug|Any CPU = Debug|Any CPU
		Release|Any CPU = Release|Any CPU
	EndGlobalSection
	GlobalSection(ProjectConfigurationPlatforms) = postSolution
		{B0FAB5B2-F2B7-4634-854A-57F8B082D5E5}.Debug|Any CPU.ActiveCfg = Debug|Any CPU
		{B0FAB5B2-F2B7-4634-854A-57F8B082D5E5}.Debug|Any CPU.Build.0 = Debug|Any CPU
		{B0FAB5B2-F2B7-4634-854A-57F8B082D5E5}.Release|Any CPU.ActiveCfg = Release|Any CPU
		{B0FAB5B2-F2B7-4634-854A-57F8B082D5E5}.Release|Any CPU.Build.0 = Release|Any CPU
		{6F222091-E038-4B5E-8238-D01518E309FD}.Debug|Any CPU.ActiveCfg = Debug|Any CPU
		{6F222091-E038-4B5E-8238-D01518E309FD}.Debug|Any CPU.Build.0 = Debug|Any CPU
		{6F222091-E038-4B5E-8238-D01518E309FD}.Release|Any CPU.ActiveCfg = Release|Any CPU
		{6F222091-E038-4B5E-8238-D01518E309FD}.Release|Any CPU.Build.0 = Release|Any CPU
		{A3027489-4E21-4DF7-BA5C-161179BDC03B}.Debug|Any CPU.ActiveCfg = Debug|Any CPU
		{A3027489-4E21-4DF7-BA5C-161179BDC03B}.Debug|Any CPU.Build.0 = Debug|Any CPU
		{A3027489-4E21-4DF7-BA5C-161179BDC03B}.Release|Any CPU.ActiveCfg = Release|Any CPU
		{A3027489-4E21-4DF7-BA5C-161179BDC03B}.Release|Any CPU.Build.0 = Release|Any CPU
	EndGlobalSection
	GlobalSection(SolutionProperties) = preSolution
		HideSolutionNode = FALSE
	EndGlobalSection
	GlobalSection(ExtensibilityGlobals) = postSolution
		SolutionGuid = {6122E900-A344-4006-90B3-1EFDA7CD6D63}
	EndGlobalSection
EndGlobal
